<?xml version="1.0" encoding="utf-8"?>
<Project ToolsVersion="4.0" xmlns="http://schemas.microsoft.com/developer/msbuild/2003">
  <ItemGroup>
    <Filter Include="src">
      <UniqueIdentifier>{9d1b10f5-98f1-48fe-a0cd-9d2fc6c5aaac}</UniqueIdentifier>
    </Filter>
    <Filter Include="src\tests">
      <UniqueIdentifier>{1af4d7be-900f-4e0b-a1ef-78c18bf8488f}</UniqueIdentifier>
    </Filter>
  </ItemGroup>
  <ItemGroup>
    <ClCompile Include="test_main.cpp">
      <Filter>src</Filter>
    </ClCompile>
    <ClCompile Include="reactive_combine_test.cpp">
      <Filter>src\tests</Filter>
    </ClCompile>
    <ClCompile Include="reactive_map_test.cpp">
      <Filter>src\tests</Filter>
    </ClCompile>
    <ClCompile Include="reactive_subscribe_test.cpp">
      <Filter>src\tests</Filter>
    </ClCompile>
    <ClCompile Include="reactive_switch_on_next_test.cpp">
      <Filter>src\tests</Filter>
    </ClCompile>
    <ClCompile Include="reactive_distinct_test.cpp">
      <Filter>src\tests</Filter>
    </ClCompile>
    <ClCompile Include="reactive_scan_test.cpp">
      <Filter>src\tests</Filter>
    </ClCompile>
  </ItemGroup>
  <ItemGroup>
    <None Include="packages.config" />
  </ItemGroup>
</Project>